
Microsoft Visual Studio Solution File, Format Version 12.00
# Visual Studio 15
VisualStudioVersion = 15.0.27428.2037
MinimumVisualStudioVersion = 10.0.40219.1
Project("{9A19103F-16F7-4668-BE54-9A1E7A4F7556}") = "SnackMachine.Core", "src\SnackMachine.Core\SnackMachine.Core.csproj", "{B1EDE44E-69E2-4EAC-AB17-A621EB026919}"
EndProject
Project("{9A19103F-16F7-4668-BE54-9A1E7A4F7556}") = "SnackMachine.Core.Test", "src\SnackMachine.Core.Test\SnackMachine.Core.Test.csproj", "{429520C5-1BC9-4676-BCFB-8057A58950C0}"
EndProject
Global
	GlobalSection(SolutionConfigurationPlatforms) = preSolution
		Debug|Any CPU = Debug|Any CPU
		Release|Any CPU = Release|Any CPU
	EndGlobalSection
	GlobalSection(ProjectConfigurationPlatforms) = postSolution
		{B1EDE44E-69E2-4EAC-AB17-A621EB026919}.Debug|Any CPU.ActiveCfg = Debug|Any CPU
		{B1EDE44E-69E2-4EAC-AB17-A621EB026919}.Debug|Any CPU.Build.0 = Debug|Any CPU
		{B1EDE44E-69E2-4EAC-AB17-A621EB026919}.Release|Any CPU.ActiveCfg = Release|Any CPU
		{B1EDE44E-69E2-4EAC-AB17-A621EB026919}.Release|Any CPU.Build.0 = Release|Any CPU
		{429520C5-1BC9-4676-BCFB-8057A58950C0}.Debug|Any CPU.ActiveCfg = Debug|Any CPU
		{429520C5-1BC9-4676-BCFB-8057A58950C0}.Debug|Any CPU.Build.0 = Debug|Any CPU
		{429520C5-1BC9-4676-BCFB-8057A58950C0}.Release|Any CPU.ActiveCfg = Release|Any CPU
		{429520C5-1BC9-4676-BCFB-8057A58950C0}.Release|Any CPU.Build.0 = Release|Any CPU
	EndGlobalSection
	GlobalSection(SolutionProperties) = preSolution
		HideSolutionNode = FALSE
	EndGlobalSection
	GlobalSection(ExtensibilityGlobals) = postSolution
		SolutionGuid = {E61D2E8A-0731-4261-B801-1E89708F5DB5}
	EndGlobalSection
EndGlobal
